
Microsoft Visual Studio Solution File, Format Version 12.00
# Visual Studio Version 17
VisualStudioVersion = 17.13.35806.99
MinimumVisualStudioVersion = 10.0.40219.1
Project("{FAE04EC0-301F-11D3-BF4B-00C04F79EFBC}") = "ReleyeCase.Mvc", "ReleyeCase.Mvc\ReleyeCase.Mvc.csproj", "{A1B978F3-74E3-4426-8DDE-7C5B2BEE3639}"
EndProject
Project("{FAE04EC0-301F-11D3-BF4B-00C04F79EFBC}") = "ReleyeCase.Data", "ReleyeCase.DbContext\ReleyeCase.Data.csproj", "{AD04FF83-44A1-4352-BB12-39ABAEE484DF}"
EndProject
Project("{FAE04EC0-301F-11D3-BF4B-00C04F79EFBC}") = "Repositories", "Repositories\Repositories.csproj", "{7CAC52C4-801A-4979-A817-DB0BB59C212B}"
EndProject
Project("{FAE04EC0-301F-11D3-BF4B-00C04F79EFBC}") = "DTOs", "DTOs\DTOs.csproj", "{8CFC5B94-5B03-4EB0-8C4A-3BDD762E1AC5}"
EndProject
Global
	GlobalSection(SolutionConfigurationPlatforms) = preSolution
		Debug|Any CPU = Debug|Any CPU
		Release|Any CPU = Release|Any CPU
	EndGlobalSection
	GlobalSection(ProjectConfigurationPlatforms) = postSolution
		{A1B978F3-74E3-4426-8DDE-7C5B2BEE3639}.Debug|Any CPU.ActiveCfg = Debug|Any CPU
		{A1B978F3-74E3-4426-8DDE-7C5B2BEE3639}.Debug|Any CPU.Build.0 = Debug|Any CPU
		{A1B978F3-74E3-4426-8DDE-7C5B2BEE3639}.Release|Any CPU.ActiveCfg = Release|Any CPU
		{A1B978F3-74E3-4426-8DDE-7C5B2BEE3639}.Release|Any CPU.Build.0 = Release|Any CPU
		{AD04FF83-44A1-4352-BB12-39ABAEE484DF}.Debug|Any CPU.ActiveCfg = Debug|Any CPU
		{AD04FF83-44A1-4352-BB12-39ABAEE484DF}.Debug|Any CPU.Build.0 = Debug|Any CPU
		{AD04FF83-44A1-4352-BB12-39ABAEE484DF}.Release|Any CPU.ActiveCfg = Release|Any CPU
		{AD04FF83-44A1-4352-BB12-39ABAEE484DF}.Release|Any CPU.Build.0 = Release|Any CPU
		{7CAC52C4-801A-4979-A817-DB0BB59C212B}.Debug|Any CPU.ActiveCfg = Debug|Any CPU
		{7CAC52C4-801A-4979-A817-DB0BB59C212B}.Debug|Any CPU.Build.0 = Debug|Any CPU
		{7CAC52C4-801A-4979-A817-DB0BB59C212B}.Release|Any CPU.ActiveCfg = Release|Any CPU
		{7CAC52C4-801A-4979-A817-DB0BB59C212B}.Release|Any CPU.Build.0 = Release|Any CPU
		{8CFC5B94-5B03-4EB0-8C4A-3BDD762E1AC5}.Debug|Any CPU.ActiveCfg = Debug|Any CPU
		{8CFC5B94-5B03-4EB0-8C4A-3BDD762E1AC5}.Debug|Any CPU.Build.0 = Debug|Any CPU
		{8CFC5B94-5B03-4EB0-8C4A-3BDD762E1AC5}.Release|Any CPU.ActiveCfg = Release|Any CPU
		{8CFC5B94-5B03-4EB0-8C4A-3BDD762E1AC5}.Release|Any CPU.Build.0 = Release|Any CPU
	EndGlobalSection
	GlobalSection(SolutionProperties) = preSolution
		HideSolutionNode = FALSE
	EndGlobalSection
	GlobalSection(ExtensibilityGlobals) = postSolution
		SolutionGuid = {6D245975-97C5-42BA-9E70-DDB57D0E9C3B}
	EndGlobalSection
EndGlobal
